
Microsoft Visual Studio Solution File, Format Version 12.00
# Visual Studio Version 17
VisualStudioVersion = 17.7.34031.279
MinimumVisualStudioVersion = 10.0.40219.1
Project("{FAE04EC0-301F-11D3-BF4B-00C04F79EFBC}") = "RPG-characterGenerator", "RPG-characterGenerator.csproj", "{9EB0EA19-5C4C-4316-9DEE-098BE0DAE386}"
EndProject
Global
	GlobalSection(SolutionConfigurationPlatforms) = preSolution
		Debug|Any CPU = Debug|Any CPU
		Release|Any CPU = Release|Any CPU
	EndGlobalSection
	GlobalSection(ProjectConfigurationPlatforms) = postSolution
		{9EB0EA19-5C4C-4316-9DEE-098BE0DAE386}.Debug|Any CPU.ActiveCfg = Debug|Any CPU
		{9EB0EA19-5C4C-4316-9DEE-098BE0DAE386}.Debug|Any CPU.Build.0 = Debug|Any CPU
		{9EB0EA19-5C4C-4316-9DEE-098BE0DAE386}.Release|Any CPU.ActiveCfg = Release|Any CPU
		{9EB0EA19-5C4C-4316-9DEE-098BE0DAE386}.Release|Any CPU.Build.0 = Release|Any CPU
	EndGlobalSection
	GlobalSection(SolutionProperties) = preSolution
		HideSolutionNode = FALSE
	EndGlobalSection
	GlobalSection(ExtensibilityGlobals) = postSolution
		SolutionGuid = {E2CA5918-6472-4E72-8024-9859D2B522ED}
	EndGlobalSection
EndGlobal
